
Microsoft Visual Studio Solution File, Format Version 11.00
# Visual Studio 2010
# SharpDevelop 4.4
Project("{FAE04EC0-301F-11D3-BF4B-00C04F79EFBC}") = "Interfaz Usuario", "Interfaz Usuario\Interfaz Usuario.csproj", "{4F2BD454-6708-4B9E-B81F-836E6D0ECD46}"
EndProject
Global
	GlobalSection(SolutionConfigurationPlatforms) = preSolution
		Debug|Any CPU = Debug|Any CPU
		Release|Any CPU = Release|Any CPU
	EndGlobalSection
	GlobalSection(ProjectConfigurationPlatforms) = postSolution
		{4F2BD454-6708-4B9E-B81F-836E6D0ECD46}.Debug|Any CPU.Build.0 = Debug|Any CPU
		{4F2BD454-6708-4B9E-B81F-836E6D0ECD46}.Debug|Any CPU.ActiveCfg = Debug|Any CPU
		{4F2BD454-6708-4B9E-B81F-836E6D0ECD46}.Release|Any CPU.Build.0 = Release|Any CPU
		{4F2BD454-6708-4B9E-B81F-836E6D0ECD46}.Release|Any CPU.ActiveCfg = Release|Any CPU
	EndGlobalSection
EndGlobal
